
Microsoft Visual Studio Solution File, Format Version 12.00
# Visual Studio 2012
Project("{FAE04EC0-301F-11D3-BF4B-00C04F79EFBC}") = "setup_soma_2.0.0.1.exe-cleaned", "setup_soma_2.0.0.1.exe-cleaned.csproj", "{0FF9152B-F900-4B34-AC28-9D024E69619C}"
EndProject
Global
	GlobalSection(SolutionConfigurationPlatforms) = preSolution
		Debug|Any CPU = Debug|Any CPU
		Release|Any CPU = Release|Any CPU
	EndGlobalSection
	GlobalSection(ProjectConfigurationPlatforms) = postSolution
		{0FF9152B-F900-4B34-AC28-9D024E69619C}.Debug|Any CPU.ActiveCfg = Debug|Any CPU
		{0FF9152B-F900-4B34-AC28-9D024E69619C}.Debug|Any CPU.Build.0 = Debug|Any CPU
		{0FF9152B-F900-4B34-AC28-9D024E69619C}.Release|Any CPU.ActiveCfg = Release|Any CPU
		{0FF9152B-F900-4B34-AC28-9D024E69619C}.Release|Any CPU.Build.0 = Release|Any CPU
	EndGlobalSection
	GlobalSection(SolutionProperties) = preSolution
		HideSolutionNode = FALSE
	EndGlobalSection
EndGlobal
